
Microsoft Visual Studio Solution File, Format Version 12.00
# Visual Studio Version 17
VisualStudioVersion = 17.6.33712.159
MinimumVisualStudioVersion = 10.0.40219.1
Project("{FAE04EC0-301F-11D3-BF4B-00C04F79EFBC}") = "App2.UWP", "App2.UWP\App2.UWP.csproj", "{B77B9C73-BE1F-49D9-8F9E-423AB92ED9F9}"
EndProject
Project("{FAE04EC0-301F-11D3-BF4B-00C04F79EFBC}") = "App2.Android", "App2.Android\App2.Android.csproj", "{18E0D115-4F86-436C-8E7A-27453065A228}"
EndProject
Project("{FAE04EC0-301F-11D3-BF4B-00C04F79EFBC}") = "App2.iOS", "App2.iOS\App2.iOS.csproj", "{16BAC895-AE3A-4F8A-B53B-B71F5BEDCCB5}"
EndProject
Project("{FAE04EC0-301F-11D3-BF4B-00C04F79EFBC}") = "App2", "App2\App2.csproj", "{4A47A43C-F115-4C13-948A-060C335EF8B7}"
EndProject
Global
	GlobalSection(SolutionConfigurationPlatforms) = preSolution
		Debug|Any CPU = Debug|Any CPU
		Debug|ARM = Debug|ARM
		Debug|iPhone = Debug|iPhone
		Debug|iPhoneSimulator = Debug|iPhoneSimulator
		Debug|x64 = Debug|x64
		Debug|x86 = Debug|x86
		Release|Any CPU = Release|Any CPU
		Release|ARM = Release|ARM
		Release|iPhone = Release|iPhone
		Release|iPhoneSimulator = Release|iPhoneSimulator
		Release|x64 = Release|x64
		Release|x86 = Release|x86
	EndGlobalSection
	GlobalSection(ProjectConfigurationPlatforms) = postSolution
		{B77B9C73-BE1F-49D9-8F9E-423AB92ED9F9}.Debug|Any CPU.ActiveCfg = Debug|x64
		{B77B9C73-BE1F-49D9-8F9E-423AB92ED9F9}.Debug|Any CPU.Build.0 = Debug|x64
		{B77B9C73-BE1F-49D9-8F9E-423AB92ED9F9}.Debug|Any CPU.Deploy.0 = Debug|x64
		{B77B9C73-BE1F-49D9-8F9E-423AB92ED9F9}.Debug|ARM.ActiveCfg = Debug|ARM
		{B77B9C73-BE1F-49D9-8F9E-423AB92ED9F9}.Debug|ARM.Build.0 = Debug|ARM
		{B77B9C73-BE1F-49D9-8F9E-423AB92ED9F9}.Debug|ARM.Deploy.0 = Debug|ARM
		{B77B9C73-BE1F-49D9-8F9E-423AB92ED9F9}.Debug|iPhone.ActiveCfg = Debug|x64
		{B77B9C73-BE1F-49D9-8F9E-423AB92ED9F9}.Debug|iPhone.Build.0 = Debug|x64
		{B77B9C73-BE1F-49D9-8F9E-423AB92ED9F9}.Debug|iPhone.Deploy.0 = Debug|x64
		{B77B9C73-BE1F-49D9-8F9E-423AB92ED9F9}.Debug|iPhoneSimulator.ActiveCfg = Debug|x64
		{B77B9C73-BE1F-49D9-8F9E-423AB92ED9F9}.Debug|iPhoneSimulator.Build.0 = Debug|x64
		{B77B9C73-BE1F-49D9-8F9E-423AB92ED9F9}.Debug|iPhoneSimulator.Deploy.0 = Debug|x64
		{B77B9C73-BE1F-49D9-8F9E-423AB92ED9F9}.Debug|x64.ActiveCfg = Debug|x64
		{B77B9C73-BE1F-49D9-8F9E-423AB92ED9F9}.Debug|x64.Build.0 = Debug|x64
		{B77B9C73-BE1F-49D9-8F9E-423AB92ED9F9}.Debug|x64.Deploy.0 = Debug|x64
		{B77B9C73-BE1F-49D9-8F9E-423AB92ED9F9}.Debug|x86.ActiveCfg = Debug|x86
		{B77B9C73-BE1F-49D9-8F9E-423AB92ED9F9}.Debug|x86.Build.0 = Debug|x86
		{B77B9C73-BE1F-49D9-8F9E-423AB92ED9F9}.Debug|x86.Deploy.0 = Debug|x86
		{B77B9C73-BE1F-49D9-8F9E-423AB92ED9F9}.Release|Any CPU.ActiveCfg = Release|x64
		{B77B9C73-BE1F-49D9-8F9E-423AB92ED9F9}.Release|Any CPU.Build.0 = Release|x64
		{B77B9C73-BE1F-49D9-8F9E-423AB92ED9F9}.Release|Any CPU.Deploy.0 = Release|x64
		{B77B9C73-BE1F-49D9-8F9E-423AB92ED9F9}.Release|ARM.ActiveCfg = Release|ARM
		{B77B9C73-BE1F-49D9-8F9E-423AB92ED9F9}.Release|ARM.Build.0 = Release|ARM
		{B77B9C73-BE1F-49D9-8F9E-423AB92ED9F9}.Release|ARM.Deploy.0 = Release|ARM
		{B77B9C73-BE1F-49D9-8F9E-423AB92ED9F9}.Release|iPhone.ActiveCfg = Release|x64
		{B77B9C73-BE1F-49D9-8F9E-423AB92ED9F9}.Release|iPhone.Build.0 = Release|x64
		{B77B9C73-BE1F-49D9-8F9E-423AB92ED9F9}.Release|iPhone.Deploy.0 = Release|x64
		{B77B9C73-BE1F-49D9-8F9E-423AB92ED9F9}.Release|iPhoneSimulator.ActiveCfg = Release|x64
		{B77B9C73-BE1F-49D9-8F9E-423AB92ED9F9}.Release|iPhoneSimulator.Build.0 = Release|x64
		{B77B9C73-BE1F-49D9-8F9E-423AB92ED9F9}.Release|iPhoneSimulator.Deploy.0 = Release|x64
		{B77B9C73-BE1F-49D9-8F9E-423AB92ED9F9}.Release|x64.ActiveCfg = Release|x64
		{B77B9C73-BE1F-49D9-8F9E-423AB92ED9F9}.Release|x64.Build.0 = Release|x64
		{B77B9C73-BE1F-49D9-8F9E-423AB92ED9F9}.Release|x64.Deploy.0 = Release|x64
		{B77B9C73-BE1F-49D9-8F9E-423AB92ED9F9}.Release|x86.ActiveCfg = Release|x86
		{B77B9C73-BE1F-49D9-8F9E-423AB92ED9F9}.Release|x86.Build.0 = Release|x86
		{B77B9C73-BE1F-49D9-8F9E-423AB92ED9F9}.Release|x86.Deploy.0 = Release|x86
		{18E0D115-4F86-436C-8E7A-27453065A228}.Debug|Any CPU.ActiveCfg = Debug|Any CPU
		{18E0D115-4F86-436C-8E7A-27453065A228}.Debug|Any CPU.Build.0 = Debug|Any CPU
		{18E0D115-4F86-436C-8E7A-27453065A228}.Debug|Any CPU.Deploy.0 = Debug|Any CPU
		{18E0D115-4F86-436C-8E7A-27453065A228}.Debug|ARM.ActiveCfg = Debug|Any CPU
		{18E0D115-4F86-436C-8E7A-27453065A228}.Debug|ARM.Build.0 = Debug|Any CPU
		{18E0D115-4F86-436C-8E7A-27453065A228}.Debug|ARM.Deploy.0 = Debug|Any CPU
		{18E0D115-4F86-436C-8E7A-27453065A228}.Debug|iPhone.ActiveCfg = Debug|Any CPU
		{18E0D115-4F86-436C-8E7A-27453065A228}.Debug|iPhone.Build.0 = Debug|Any CPU
		{18E0D115-4F86-436C-8E7A-27453065A228}.Debug|iPhone.Deploy.0 = Debug|Any CPU
		{18E0D115-4F86-436C-8E7A-27453065A228}.Debug|iPhoneSimulator.ActiveCfg = Debug|Any CPU
		{18E0D115-4F86-436C-8E7A-27453065A228}.Debug|iPhoneSimulator.Build.0 = Debug|Any CPU
		{18E0D115-4F86-436C-8E7A-27453065A228}.Debug|iPhoneSimulator.Deploy.0 = Debug|Any CPU
		{18E0D115-4F86-436C-8E7A-27453065A228}.Debug|x64.ActiveCfg = Debug|Any CPU
		{18E0D115-4F86-436C-8E7A-27453065A228}.Debug|x64.Build.0 = Debug|Any CPU
		{18E0D115-4F86-436C-8E7A-27453065A228}.Debug|x64.Deploy.0 = Debug|Any CPU
		{18E0D115-4F86-436C-8E7A-27453065A228}.Debug|x86.ActiveCfg = Debug|Any CPU
		{18E0D115-4F86-436C-8E7A-27453065A228}.Debug|x86.Build.0 = Debug|Any CPU
		{18E0D115-4F86-436C-8E7A-27453065A228}.Debug|x86.Deploy.0 = Debug|Any CPU
		{18E0D115-4F86-436C-8E7A-27453065A228}.Release|Any CPU.ActiveCfg = Release|Any CPU
		{18E0D115-4F86-436C-8E7A-27453065A228}.Release|Any CPU.Build.0 = Release|Any CPU
		{18E0D115-4F86-436C-8E7A-27453065A228}.Release|Any CPU.Deploy.0 = Release|Any CPU
		{18E0D115-4F86-436C-8E7A-27453065A228}.Release|ARM.ActiveCfg = Release|Any CPU
		{18E0D115-4F86-436C-8E7A-27453065A228}.Release|ARM.Build.0 = Release|Any CPU
		{18E0D115-4F86-436C-8E7A-27453065A228}.Release|ARM.Deploy.0 = Release|Any CPU
		{18E0D115-4F86-436C-8E7A-27453065A228}.Release|iPhone.ActiveCfg = Release|Any CPU
		{18E0D115-4F86-436C-8E7A-27453065A228}.Release|iPhone.Build.0 = Release|Any CPU
		{18E0D115-4F86-436C-8E7A-27453065A228}.Release|iPhone.Deploy.0 = Release|Any CPU
		{18E0D115-4F86-436C-8E7A-27453065A228}.Release|iPhoneSimulator.ActiveCfg = Release|Any CPU
		{18E0D115-4F86-436C-8E7A-27453065A228}.Release|iPhoneSimulator.Build.0 = Release|Any CPU
		{18E0D115-4F86-436C-8E7A-27453065A228}.Release|iPhoneSimulator.Deploy.0 = Release|Any CPU
		{18E0D115-4F86-436C-8E7A-27453065A228}.Release|x64.ActiveCfg = Release|Any CPU
		{18E0D115-4F86-436C-8E7A-27453065A228}.Release|x64.Build.0 = Release|Any CPU
		{18E0D115-4F86-436C-8E7A-27453065A228}.Release|x64.Deploy.0 = Release|Any CPU
		{18E0D115-4F86-436C-8E7A-27453065A228}.Release|x86.ActiveCfg = Release|Any CPU
		{18E0D115-4F86-436C-8E7A-27453065A228}.Release|x86.Build.0 = Release|Any CPU
		{18E0D115-4F86-436C-8E7A-27453065A228}.Release|x86.Deploy.0 = Release|Any CPU
		{16BAC895-AE3A-4F8A-B53B-B71F5BEDCCB5}.Debug|Any CPU.ActiveCfg = Debug|iPhoneSimulator
		{16BAC895-AE3A-4F8A-B53B-B71F5BEDCCB5}.Debug|Any CPU.Build.0 = Debug|iPhoneSimulator
		{16BAC895-AE3A-4F8A-B53B-B71F5BEDCCB5}.Debug|Any CPU.Deploy.0 = Debug|iPhoneSimulator
		{16BAC895-AE3A-4F8A-B53B-B71F5BEDCCB5}.Debug|ARM.ActiveCfg = Debug|iPhoneSimulator
		{16BAC895-AE3A-4F8A-B53B-B71F5BEDCCB5}.Debug|ARM.Build.0 = Debug|iPhoneSimulator
		{16BAC895-AE3A-4F8A-B53B-B71F5BEDCCB5}.Debug|ARM.Deploy.0 = Debug|iPhoneSimulator
		{16BAC895-AE3A-4F8A-B53B-B71F5BEDCCB5}.Debug|iPhone.ActiveCfg = Debug|iPhone
		{16BAC895-AE3A-4F8A-B53B-B71F5BEDCCB5}.Debug|iPhone.Build.0 = Debug|iPhone
		{16BAC895-AE3A-4F8A-B53B-B71F5BEDCCB5}.Debug|iPhone.Deploy.0 = Debug|iPhone
		{16BAC895-AE3A-4F8A-B53B-B71F5BEDCCB5}.Debug|iPhoneSimulator.ActiveCfg = Debug|iPhoneSimulator
		{16BAC895-AE3A-4F8A-B53B-B71F5BEDCCB5}.Debug|iPhoneSimulator.Build.0 = Debug|iPhoneSimulator
		{16BAC895-AE3A-4F8A-B53B-B71F5BEDCCB5}.Debug|iPhoneSimulator.Deploy.0 = Debug|iPhoneSimulator
		{16BAC895-AE3A-4F8A-B53B-B71F5BEDCCB5}.Debug|x64.ActiveCfg = Debug|iPhone
		{16BAC895-AE3A-4F8A-B53B-B71F5BEDCCB5}.Debug|x64.Build.0 = Debug|iPhone
		{16BAC895-AE3A-4F8A-B53B-B71F5BEDCCB5}.Debug|x64.Deploy.0 = Debug|iPhone
		{16BAC895-AE3A-4F8A-B53B-B71F5BEDCCB5}.Debug|x86.ActiveCfg = Debug|iPhoneSimulator
		{16BAC895-AE3A-4F8A-B53B-B71F5BEDCCB5}.Debug|x86.Build.0 = Debug|iPhoneSimulator
		{16BAC895-AE3A-4F8A-B53B-B71F5BEDCCB5}.Debug|x86.Deploy.0 = Debug|iPhoneSimulator
		{16BAC895-AE3A-4F8A-B53B-B71F5BEDCCB5}.Release|Any CPU.ActiveCfg = Release|iPhoneSimulator
		{16BAC895-AE3A-4F8A-B53B-B71F5BEDCCB5}.Release|Any CPU.Build.0 = Release|iPhoneSimulator
		{16BAC895-AE3A-4F8A-B53B-B71F5BEDCCB5}.Release|Any CPU.Deploy.0 = Release|iPhoneSimulator
		{16BAC895-AE3A-4F8A-B53B-B71F5BEDCCB5}.Release|ARM.ActiveCfg = Release|iPhoneSimulator
		{16BAC895-AE3A-4F8A-B53B-B71F5BEDCCB5}.Release|ARM.Build.0 = Release|iPhoneSimulator
		{16BAC895-AE3A-4F8A-B53B-B71F5BEDCCB5}.Release|ARM.Deploy.0 = Release|iPhoneSimulator
		{16BAC895-AE3A-4F8A-B53B-B71F5BEDCCB5}.Release|iPhone.ActiveCfg = Release|iPhone
		{16BAC895-AE3A-4F8A-B53B-B71F5BEDCCB5}.Release|iPhone.Build.0 = Release|iPhone
		{16BAC895-AE3A-4F8A-B53B-B71F5BEDCCB5}.Release|iPhone.Deploy.0 = Release|iPhone
		{16BAC895-AE3A-4F8A-B53B-B71F5BEDCCB5}.Release|iPhoneSimulator.ActiveCfg = Release|iPhoneSimulator
		{16BAC895-AE3A-4F8A-B53B-B71F5BEDCCB5}.Release|iPhoneSimulator.Build.0 = Release|iPhoneSimulator
		{16BAC895-AE3A-4F8A-B53B-B71F5BEDCCB5}.Release|iPhoneSimulator.Deploy.0 = Release|iPhoneSimulator
		{16BAC895-AE3A-4F8A-B53B-B71F5BEDCCB5}.Release|x64.ActiveCfg = Release|iPhoneSimulator
		{16BAC895-AE3A-4F8A-B53B-B71F5BEDCCB5}.Release|x64.Build.0 = Release|iPhoneSimulator
		{16BAC895-AE3A-4F8A-B53B-B71F5BEDCCB5}.Release|x64.Deploy.0 = Release|iPhoneSimulator
		{16BAC895-AE3A-4F8A-B53B-B71F5BEDCCB5}.Release|x86.ActiveCfg = Release|iPhoneSimulator
		{16BAC895-AE3A-4F8A-B53B-B71F5BEDCCB5}.Release|x86.Build.0 = Release|iPhoneSimulator
		{16BAC895-AE3A-4F8A-B53B-B71F5BEDCCB5}.Release|x86.Deploy.0 = Release|iPhoneSimulator
		{4A47A43C-F115-4C13-948A-060C335EF8B7}.Debug|Any CPU.ActiveCfg = Debug|Any CPU
		{4A47A43C-F115-4C13-948A-060C335EF8B7}.Debug|Any CPU.Build.0 = Debug|Any CPU
		{4A47A43C-F115-4C13-948A-060C335EF8B7}.Debug|Any CPU.Deploy.0 = Debug|Any CPU
		{4A47A43C-F115-4C13-948A-060C335EF8B7}.Debug|ARM.ActiveCfg = Debug|Any CPU
		{4A47A43C-F115-4C13-948A-060C335EF8B7}.Debug|ARM.Build.0 = Debug|Any CPU
		{4A47A43C-F115-4C13-948A-060C335EF8B7}.Debug|ARM.Deploy.0 = Debug|Any CPU
		{4A47A43C-F115-4C13-948A-060C335EF8B7}.Debug|iPhone.ActiveCfg = Debug|Any CPU
		{4A47A43C-F115-4C13-948A-060C335EF8B7}.Debug|iPhone.Build.0 = Debug|Any CPU
		{4A47A43C-F115-4C13-948A-060C335EF8B7}.Debug|iPhone.Deploy.0 = Debug|Any CPU
		{4A47A43C-F115-4C13-948A-060C335EF8B7}.Debug|iPhoneSimulator.ActiveCfg = Debug|Any CPU
		{4A47A43C-F115-4C13-948A-060C335EF8B7}.Debug|iPhoneSimulator.Build.0 = Debug|Any CPU
		{4A47A43C-F115-4C13-948A-060C335EF8B7}.Debug|iPhoneSimulator.Deploy.0 = Debug|Any CPU
		{4A47A43C-F115-4C13-948A-060C335EF8B7}.Debug|x64.ActiveCfg = Debug|Any CPU
		{4A47A43C-F115-4C13-948A-060C335EF8B7}.Debug|x64.Build.0 = Debug|Any CPU
		{4A47A43C-F115-4C13-948A-060C335EF8B7}.Debug|x64.Deploy.0 = Debug|Any CPU
		{4A47A43C-F115-4C13-948A-060C335EF8B7}.Debug|x86.ActiveCfg = Debug|Any CPU
		{4A47A43C-F115-4C13-948A-060C335EF8B7}.Debug|x86.Build.0 = Debug|Any CPU
		{4A47A43C-F115-4C13-948A-060C335EF8B7}.Debug|x86.Deploy.0 = Debug|Any CPU
		{4A47A43C-F115-4C13-948A-060C335EF8B7}.Release|Any CPU.ActiveCfg = Release|Any CPU
		{4A47A43C-F115-4C13-948A-060C335EF8B7}.Release|Any CPU.Build.0 = Release|Any CPU
		{4A47A43C-F115-4C13-948A-060C335EF8B7}.Release|Any CPU.Deploy.0 = Release|Any CPU
		{4A47A43C-F115-4C13-948A-060C335EF8B7}.Release|ARM.ActiveCfg = Release|Any CPU
		{4A47A43C-F115-4C13-948A-060C335EF8B7}.Release|ARM.Build.0 = Release|Any CPU
		{4A47A43C-F115-4C13-948A-060C335EF8B7}.Release|ARM.Deploy.0 = Release|Any CPU
		{4A47A43C-F115-4C13-948A-060C335EF8B7}.Release|iPhone.ActiveCfg = Release|Any CPU
		{4A47A43C-F115-4C13-948A-060C335EF8B7}.Release|iPhone.Build.0 = Release|Any CPU
		{4A47A43C-F115-4C13-948A-060C335EF8B7}.Release|iPhone.Deploy.0 = Release|Any CPU
		{4A47A43C-F115-4C13-948A-060C335EF8B7}.Release|iPhoneSimulator.ActiveCfg = Release|Any CPU
		{4A47A43C-F115-4C13-948A-060C335EF8B7}.Release|iPhoneSimulator.Build.0 = Release|Any CPU
		{4A47A43C-F115-4C13-948A-060C335EF8B7}.Release|iPhoneSimulator.Deploy.0 = Release|Any CPU
		{4A47A43C-F115-4C13-948A-060C335EF8B7}.Release|x64.ActiveCfg = Release|Any CPU
		{4A47A43C-F115-4C13-948A-060C335EF8B7}.Release|x64.Build.0 = Release|Any CPU
		{4A47A43C-F115-4C13-948A-060C335EF8B7}.Release|x64.Deploy.0 = Release|Any CPU
		{4A47A43C-F115-4C13-948A-060C335EF8B7}.Release|x86.ActiveCfg = Release|Any CPU
		{4A47A43C-F115-4C13-948A-060C335EF8B7}.Release|x86.Build.0 = Release|Any CPU
		{4A47A43C-F115-4C13-948A-060C335EF8B7}.Release|x86.Deploy.0 = Release|Any CPU
	EndGlobalSection
	GlobalSection(SolutionProperties) = preSolution
		HideSolutionNode = FALSE
	EndGlobalSection
	GlobalSection(ExtensibilityGlobals) = postSolution
		SolutionGuid = {58A877A2-F90E-42DA-867B-33190847F357}
	EndGlobalSection
EndGlobal
